
Microsoft Visual Studio Solution File, Format Version 12.00
# Visual Studio Version 17
VisualStudioVersion = 17.0.31903.59
MinimumVisualStudioVersion = 10.0.40219.1
Project("{FAE04EC0-301F-11D3-BF4B-00C04F79EFBC}") = "RailView_database_GUI", "RailView_database_GUI\RailView_database_GUI.csproj", "{21778781-CC65-4493-A61F-60B3B34475C2}"
EndProject
Global
	GlobalSection(SolutionConfigurationPlatforms) = preSolution
		Debug|Any CPU = Debug|Any CPU
		Release|Any CPU = Release|Any CPU
	EndGlobalSection
	GlobalSection(ProjectConfigurationPlatforms) = postSolution
		{21778781-CC65-4493-A61F-60B3B34475C2}.Debug|Any CPU.ActiveCfg = Debug|Any CPU
		{21778781-CC65-4493-A61F-60B3B34475C2}.Debug|Any CPU.Build.0 = Debug|Any CPU
		{21778781-CC65-4493-A61F-60B3B34475C2}.Release|Any CPU.ActiveCfg = Release|Any CPU
		{21778781-CC65-4493-A61F-60B3B34475C2}.Release|Any CPU.Build.0 = Release|Any CPU
	EndGlobalSection
	GlobalSection(SolutionProperties) = preSolution
		HideSolutionNode = FALSE
	EndGlobalSection
	GlobalSection(ExtensibilityGlobals) = postSolution
		SolutionGuid = {98B02F24-8F2D-4F29-81F5-135F8E4FE0DC}
	EndGlobalSection
EndGlobal
